
Microsoft Visual Studio Solution File, Format Version 12.00
# Visual Studio Version 17
VisualStudioVersion = 17.14.36301.6 d17.14
MinimumVisualStudioVersion = 10.0.40219.1
Project("{FAE04EC0-301F-11D3-BF4B-00C04F79EFBC}") = "RegexWrap", "RegexWrap\RegexWrap.csproj", "{800250B4-61F6-49EE-854E-8961AB3EBBBB}"
EndProject
Project("{FAE04EC0-301F-11D3-BF4B-00C04F79EFBC}") = "RegexWrap.Tests", "RegexWrap.Tests\RegexWrap.Tests.csproj", "{B9F8A3D2-C4E5-4F6B-8C7A-9E1F2D3A4B5C}"
EndProject
Global
	GlobalSection(SolutionConfigurationPlatforms) = preSolution
		Debug|Any CPU = Debug|Any CPU
		Release|Any CPU = Release|Any CPU
	EndGlobalSection
	GlobalSection(ProjectConfigurationPlatforms) = postSolution
		{800250B4-61F6-49EE-854E-8961AB3EBBBB}.Debug|Any CPU.ActiveCfg = Debug|Any CPU
		{800250B4-61F6-49EE-854E-8961AB3EBBBB}.Debug|Any CPU.Build.0 = Debug|Any CPU
		{800250B4-61F6-49EE-854E-8961AB3EBBBB}.Release|Any CPU.ActiveCfg = Release|Any CPU
		{800250B4-61F6-49EE-854E-8961AB3EBBBB}.Release|Any CPU.Build.0 = Release|Any CPU
		{B9F8A3D2-C4E5-4F6B-8C7A-9E1F2D3A4B5C}.Debug|Any CPU.ActiveCfg = Debug|Any CPU
		{B9F8A3D2-C4E5-4F6B-8C7A-9E1F2D3A4B5C}.Debug|Any CPU.Build.0 = Debug|Any CPU
		{B9F8A3D2-C4E5-4F6B-8C7A-9E1F2D3A4B5C}.Release|Any CPU.ActiveCfg = Release|Any CPU
		{B9F8A3D2-C4E5-4F6B-8C7A-9E1F2D3A4B5C}.Release|Any CPU.Build.0 = Release|Any CPU
	EndGlobalSection
	GlobalSection(SolutionProperties) = preSolution
		HideSolutionNode = FALSE
	EndGlobalSection
	GlobalSection(ExtensibilityGlobals) = postSolution
		SolutionGuid = {4B076AEA-FD69-4C11-894E-47FB9A538930}
	EndGlobalSection
EndGlobal
